
Microsoft Visual Studio Solution File, Format Version 12.00
# Visual Studio Version 17
VisualStudioVersion = 17.4.33110.190
MinimumVisualStudioVersion = 10.0.40219.1
Project("{FAE04EC0-301F-11D3-BF4B-00C04F79EFBC}") = "UC3_FindMaxString", "UC3_FindMaxString.csproj", "{BD2308F5-B102-4995-97A7-0B6AE6BCD205}"
EndProject
Global
	GlobalSection(SolutionConfigurationPlatforms) = preSolution
		Debug|Any CPU = Debug|Any CPU
		Release|Any CPU = Release|Any CPU
	EndGlobalSection
	GlobalSection(ProjectConfigurationPlatforms) = postSolution
		{BD2308F5-B102-4995-97A7-0B6AE6BCD205}.Debug|Any CPU.ActiveCfg = Debug|Any CPU
		{BD2308F5-B102-4995-97A7-0B6AE6BCD205}.Debug|Any CPU.Build.0 = Debug|Any CPU
		{BD2308F5-B102-4995-97A7-0B6AE6BCD205}.Release|Any CPU.ActiveCfg = Release|Any CPU
		{BD2308F5-B102-4995-97A7-0B6AE6BCD205}.Release|Any CPU.Build.0 = Release|Any CPU
	EndGlobalSection
	GlobalSection(SolutionProperties) = preSolution
		HideSolutionNode = FALSE
	EndGlobalSection
	GlobalSection(ExtensibilityGlobals) = postSolution
		SolutionGuid = {4A06D4E1-C9BC-47D4-A882-D60C518AC5DC}
	EndGlobalSection
EndGlobal
