
Microsoft Visual Studio Solution File, Format Version 12.00
# Visual Studio Version 17
VisualStudioVersion = 17.4.33110.190
MinimumVisualStudioVersion = 10.0.40219.1
Project("{FAE04EC0-301F-11D3-BF4B-00C04F79EFBC}") = "UC2_FindMaxFloatNum", "UC2_FindMaxFloatNum.csproj", "{67C43959-64D7-4FBF-AEDE-6FAB89A604F6}"
EndProject
Global
	GlobalSection(SolutionConfigurationPlatforms) = preSolution
		Debug|Any CPU = Debug|Any CPU
		Release|Any CPU = Release|Any CPU
	EndGlobalSection
	GlobalSection(ProjectConfigurationPlatforms) = postSolution
		{67C43959-64D7-4FBF-AEDE-6FAB89A604F6}.Debug|Any CPU.ActiveCfg = Debug|Any CPU
		{67C43959-64D7-4FBF-AEDE-6FAB89A604F6}.Debug|Any CPU.Build.0 = Debug|Any CPU
		{67C43959-64D7-4FBF-AEDE-6FAB89A604F6}.Release|Any CPU.ActiveCfg = Release|Any CPU
		{67C43959-64D7-4FBF-AEDE-6FAB89A604F6}.Release|Any CPU.Build.0 = Release|Any CPU
	EndGlobalSection
	GlobalSection(SolutionProperties) = preSolution
		HideSolutionNode = FALSE
	EndGlobalSection
	GlobalSection(ExtensibilityGlobals) = postSolution
		SolutionGuid = {64754002-0A53-49E6-9EA7-C091D4870721}
	EndGlobalSection
EndGlobal
