
Microsoft Visual Studio Solution File, Format Version 12.00
# Visual Studio Version 17
VisualStudioVersion = 17.4.33110.190
MinimumVisualStudioVersion = 10.0.40219.1
Project("{FAE04EC0-301F-11D3-BF4B-00C04F79EFBC}") = "PrintArrayGenericClass", "PrintArrayGenericClass.csproj", "{C61EFDE8-799B-4A83-AD13-EE5F81C0B5C9}"
EndProject
Global
	GlobalSection(SolutionConfigurationPlatforms) = preSolution
		Debug|Any CPU = Debug|Any CPU
		Release|Any CPU = Release|Any CPU
	EndGlobalSection
	GlobalSection(ProjectConfigurationPlatforms) = postSolution
		{C61EFDE8-799B-4A83-AD13-EE5F81C0B5C9}.Debug|Any CPU.ActiveCfg = Debug|Any CPU
		{C61EFDE8-799B-4A83-AD13-EE5F81C0B5C9}.Debug|Any CPU.Build.0 = Debug|Any CPU
		{C61EFDE8-799B-4A83-AD13-EE5F81C0B5C9}.Release|Any CPU.ActiveCfg = Release|Any CPU
		{C61EFDE8-799B-4A83-AD13-EE5F81C0B5C9}.Release|Any CPU.Build.0 = Release|Any CPU
	EndGlobalSection
	GlobalSection(SolutionProperties) = preSolution
		HideSolutionNode = FALSE
	EndGlobalSection
	GlobalSection(ExtensibilityGlobals) = postSolution
		SolutionGuid = {33406825-D383-4C46-BE55-288D1610B9AE}
	EndGlobalSection
EndGlobal
