
Microsoft Visual Studio Solution File, Format Version 12.00
# Visual Studio Version 17
VisualStudioVersion = 17.4.33110.190
MinimumVisualStudioVersion = 10.0.40219.1
Project("{9A19103F-16F7-4668-BE54-9A1E7A4F7556}") = "Refactor1_FindMaxNumGenericClass", "Refactor1_FindMaxNumGenericClass.csproj", "{BDD94FA6-94AA-4D39-A0ED-446403A0986D}"
EndProject
Global
	GlobalSection(SolutionConfigurationPlatforms) = preSolution
		Debug|Any CPU = Debug|Any CPU
		Release|Any CPU = Release|Any CPU
	EndGlobalSection
	GlobalSection(ProjectConfigurationPlatforms) = postSolution
		{BDD94FA6-94AA-4D39-A0ED-446403A0986D}.Debug|Any CPU.ActiveCfg = Debug|Any CPU
		{BDD94FA6-94AA-4D39-A0ED-446403A0986D}.Debug|Any CPU.Build.0 = Debug|Any CPU
		{BDD94FA6-94AA-4D39-A0ED-446403A0986D}.Release|Any CPU.ActiveCfg = Release|Any CPU
		{BDD94FA6-94AA-4D39-A0ED-446403A0986D}.Release|Any CPU.Build.0 = Release|Any CPU
	EndGlobalSection
	GlobalSection(SolutionProperties) = preSolution
		HideSolutionNode = FALSE
	EndGlobalSection
	GlobalSection(ExtensibilityGlobals) = postSolution
		SolutionGuid = {EB6B8233-FF87-4E70-9546-04454DC83D1F}
	EndGlobalSection
EndGlobal
